
Microsoft Visual Studio Solution File, Format Version 12.00
# Visual Studio Version 16
VisualStudioVersion = 16.0.31129.286
MinimumVisualStudioVersion = 10.0.40219.1
Project("{FAE04EC0-301F-11D3-BF4B-00C04F79EFBC}") = "WordPad_Wpf", "WordPad_Wpf\WordPad_Wpf.csproj", "{4114522D-8B47-4E03-BFB7-87A1BE499688}"
EndProject
Global
	GlobalSection(SolutionConfigurationPlatforms) = preSolution
		Debug|Any CPU = Debug|Any CPU
		Release|Any CPU = Release|Any CPU
	EndGlobalSection
	GlobalSection(ProjectConfigurationPlatforms) = postSolution
		{4114522D-8B47-4E03-BFB7-87A1BE499688}.Debug|Any CPU.ActiveCfg = Debug|Any CPU
		{4114522D-8B47-4E03-BFB7-87A1BE499688}.Debug|Any CPU.Build.0 = Debug|Any CPU
		{4114522D-8B47-4E03-BFB7-87A1BE499688}.Release|Any CPU.ActiveCfg = Release|Any CPU
		{4114522D-8B47-4E03-BFB7-87A1BE499688}.Release|Any CPU.Build.0 = Release|Any CPU
	EndGlobalSection
	GlobalSection(SolutionProperties) = preSolution
		HideSolutionNode = FALSE
	EndGlobalSection
	GlobalSection(ExtensibilityGlobals) = postSolution
		SolutionGuid = {CCA8E3D4-F1B1-4DD6-B5EB-6EAE0F088176}
	EndGlobalSection
EndGlobal
